
Microsoft Visual Studio Solution File, Format Version 12.00
# Visual Studio Version 17
VisualStudioVersion = 17.6.33829.357
MinimumVisualStudioVersion = 10.0.40219.1
Project("{FAE04EC0-301F-11D3-BF4B-00C04F79EFBC}") = "PresentApi", "PresentApi\PresentApi.csproj", "{E09576F6-1932-402E-A88B-0E25DF51590B}"
EndProject
Global
	GlobalSection(SolutionConfigurationPlatforms) = preSolution
		Debug|Any CPU = Debug|Any CPU
		Release|Any CPU = Release|Any CPU
	EndGlobalSection
	GlobalSection(ProjectConfigurationPlatforms) = postSolution
		{E09576F6-1932-402E-A88B-0E25DF51590B}.Debug|Any CPU.ActiveCfg = Debug|Any CPU
		{E09576F6-1932-402E-A88B-0E25DF51590B}.Debug|Any CPU.Build.0 = Debug|Any CPU
		{E09576F6-1932-402E-A88B-0E25DF51590B}.Release|Any CPU.ActiveCfg = Release|Any CPU
		{E09576F6-1932-402E-A88B-0E25DF51590B}.Release|Any CPU.Build.0 = Release|Any CPU
	EndGlobalSection
	GlobalSection(SolutionProperties) = preSolution
		HideSolutionNode = FALSE
	EndGlobalSection
	GlobalSection(ExtensibilityGlobals) = postSolution
		SolutionGuid = {6B1732CC-2244-4CDF-8D29-1B0FD776FFD6}
	EndGlobalSection
EndGlobal
